// !$*UTF8*$!
{
	archiveVersion = 1;
	classes = {
	};
	objectVersion = 50;
	objects = {

/* Begin PBXBuildFile section */
		0BECF7232160177B0094FB55 /* FaceGesture.swift in Sources */ = {isa = PBXBuildFile; fileRef = 0BECF7222160177B0094FB55 /* FaceGesture.swift */; };
		0BECF725216018E60094FB55 /* FaceGestureDetector.swift in Sources */ = {isa = PBXBuildFile; fileRef = 0BECF724216018E60094FB55 /* FaceGestureDetector.swift */; };
		0BECF72C2160CA590094FB55 /* AppCoordinator.swift in Sources */ = {isa = PBXBuildFile; fileRef = 0BECF72A2160CA590094FB55 /* AppCoordinator.swift */; };
		0BECF72D2160CA590094FB55 /* Coordinator.swift in Sources */ = {isa = PBXBuildFile; fileRef = 0BECF72B2160CA590094FB55 /* Coordinator.swift */; };
		0BECF72F2160CAD90094FB55 /* WelcomeViewController.swift in Sources */ = {isa = PBXBuildFile; fileRef = 0BECF72E2160CAD90094FB55 /* WelcomeViewController.swift */; };
		0BECF7312160CB120094FB55 /* WelcomeViewModel.swift in Sources */ = {isa = PBXBuildFile; fileRef = 0BECF7302160CB120094FB55 /* WelcomeViewModel.swift */; };
		0BECF7382160CEC90094FB55 /* SnapKit.framework in Frameworks */ = {isa = PBXBuildFile; fileRef = 0BECF7332160CE3F0094FB55 /* SnapKit.framework */; };
		0BECF7392160CEC90094FB55 /* SnapKit.framework in Embed Frameworks */ = {isa = PBXBuildFile; fileRef = 0BECF7332160CE3F0094FB55 /* SnapKit.framework */; settings = {ATTRIBUTES = (CodeSignOnCopy, RemoveHeadersOnCopy, ); }; };
		0BECF73C2160D3440094FB55 /* FaceGestureViewModel.swift in Sources */ = {isa = PBXBuildFile; fileRef = 0BECF73B2160D3440094FB55 /* FaceGestureViewModel.swift */; };
		18C7700A21272F1A00134695 /* LaunchScreen.storyboard in Resources */ = {isa = PBXBuildFile; fileRef = 18C7700921272F1A00134695 /* LaunchScreen.storyboard */; };
		601F519F20E617B80037214B /* AppDelegate.swift in Sources */ = {isa = PBXBuildFile; fileRef = 601F519E20E617B80037214B /* AppDelegate.swift */; };
		601F51A120E617B80037214B /* FaceGestureViewController.swift in Sources */ = {isa = PBXBuildFile; fileRef = 601F51A020E617B80037214B /* FaceGestureViewController.swift */; };
		601F51A620E617B90037214B /* Assets.xcassets in Resources */ = {isa = PBXBuildFile; fileRef = 601F51A520E617B90037214B /* Assets.xcassets */; };
/* End PBXBuildFile section */

/* Begin PBXCopyFilesBuildPhase section */
		0BECF73A2160CEC90094FB55 /* Embed Frameworks */ = {
			isa = PBXCopyFilesBuildPhase;
			buildActionMask = 2147483647;
			dstPath = "";
			dstSubfolderSpec = 10;
			files = (
				0BECF7392160CEC90094FB55 /* SnapKit.framework in Embed Frameworks */,
			);
			name = "Embed Frameworks";
			runOnlyForDeploymentPostprocessing = 0;
		};
/* End PBXCopyFilesBuildPhase section */

/* Begin PBXFileReference section */
		0BECF7222160177B0094FB55 /* FaceGesture.swift */ = {isa = PBXFileReference; lastKnownFileType = sourcecode.swift; path = FaceGesture.swift; sourceTree = "<group>"; };
		0BECF724216018E60094FB55 /* FaceGestureDetector.swift */ = {isa = PBXFileReference; lastKnownFileType = sourcecode.swift; path = FaceGestureDetector.swift; sourceTree = "<group>"; };
		0BECF72A2160CA590094FB55 /* AppCoordinator.swift */ = {isa = PBXFileReference; fileEncoding = 4; lastKnownFileType = sourcecode.swift; path = AppCoordinator.swift; sourceTree = "<group>"; };
		0BECF72B2160CA590094FB55 /* Coordinator.swift */ = {isa = PBXFileReference; fileEncoding = 4; lastKnownFileType = sourcecode.swift; path = Coordinator.swift; sourceTree = "<group>"; };
		0BECF72E2160CAD90094FB55 /* WelcomeViewController.swift */ = {isa = PBXFileReference; lastKnownFileType = sourcecode.swift; path = WelcomeViewController.swift; sourceTree = "<group>"; };
		0BECF7302160CB120094FB55 /* WelcomeViewModel.swift */ = {isa = PBXFileReference; lastKnownFileType = sourcecode.swift; path = WelcomeViewModel.swift; sourceTree = "<group>"; };
		0BECF7332160CE3F0094FB55 /* SnapKit.framework */ = {isa = PBXFileReference; lastKnownFileType = wrapper.framework; name = SnapKit.framework; path = Carthage/Build/iOS/SnapKit.framework; sourceTree = "<group>"; };
		0BECF73B2160D3440094FB55 /* FaceGestureViewModel.swift */ = {isa = PBXFileReference; lastKnownFileType = sourcecode.swift; path = FaceGestureViewModel.swift; sourceTree = "<group>"; };
		18C7700921272F1A00134695 /* LaunchScreen.storyboard */ = {isa = PBXFileReference; fileEncoding = 4; lastKnownFileType = file.storyboard; path = LaunchScreen.storyboard; sourceTree = "<group>"; };
		601F519B20E617B80037214B /* Starface.app */ = {isa = PBXFileReference; explicitFileType = wrapper.application; includeInIndex = 0; path = Starface.app; sourceTree = BUILT_PRODUCTS_DIR; };
		601F519E20E617B80037214B /* AppDelegate.swift */ = {isa = PBXFileReference; lastKnownFileType = sourcecode.swift; path = AppDelegate.swift; sourceTree = "<group>"; };
		601F51A020E617B80037214B /* FaceGestureViewController.swift */ = {isa = PBXFileReference; lastKnownFileType = sourcecode.swift; path = FaceGestureViewController.swift; sourceTree = "<group>"; };
		601F51A520E617B90037214B /* Assets.xcassets */ = {isa = PBXFileReference; lastKnownFileType = folder.assetcatalog; path = Assets.xcassets; sourceTree = "<group>"; };
		601F51AA20E617B90037214B /* Info.plist */ = {isa = PBXFileReference; lastKnownFileType = text.plist.xml; path = Info.plist; sourceTree = "<group>"; };
/* End PBXFileReference section */

/* Begin PBXFrameworksBuildPhase section */
		601F519820E617B80037214B /* Frameworks */ = {
			isa = PBXFrameworksBuildPhase;
			buildActionMask = 2147483647;
			files = (
				0BECF7382160CEC90094FB55 /* SnapKit.framework in Frameworks */,
			);
			runOnlyForDeploymentPostprocessing = 0;
		};
/* End PBXFrameworksBuildPhase section */

/* Begin PBXGroup section */
		0BECF7262160CA230094FB55 /* Scenes */ = {
			isa = PBXGroup;
			children = (
				0BECF7282160CA370094FB55 /* Welcome */,
				0BECF7272160CA2B0094FB55 /* Face Gestures */,
			);
			path = Scenes;
			sourceTree = "<group>";
		};
		0BECF7272160CA2B0094FB55 /* Face Gestures */ = {
			isa = PBXGroup;
			children = (
				601F51A020E617B80037214B /* FaceGestureViewController.swift */,
				0BECF7222160177B0094FB55 /* FaceGesture.swift */,
				0BECF724216018E60094FB55 /* FaceGestureDetector.swift */,
				0BECF73B2160D3440094FB55 /* FaceGestureViewModel.swift */,
			);
			path = "Face Gestures";
			sourceTree = "<group>";
		};
		0BECF7282160CA370094FB55 /* Welcome */ = {
			isa = PBXGroup;
			children = (
				0BECF72E2160CAD90094FB55 /* WelcomeViewController.swift */,
				0BECF7302160CB120094FB55 /* WelcomeViewModel.swift */,
			);
			path = Welcome;
			sourceTree = "<group>";
		};
		0BECF7292160CA410094FB55 /* Coordinators */ = {
			isa = PBXGroup;
			children = (
				0BECF72A2160CA590094FB55 /* AppCoordinator.swift */,
				0BECF72B2160CA590094FB55 /* Coordinator.swift */,
			);
			path = Coordinators;
			sourceTree = "<group>";
		};
		0BECF7322160CE3F0094FB55 /* Frameworks */ = {
			isa = PBXGroup;
			children = (
				0BECF7332160CE3F0094FB55 /* SnapKit.framework */,
			);
			name = Frameworks;
			sourceTree = "<group>";
		};
		601F519220E617B80037214B = {
			isa = PBXGroup;
			children = (
				601F519D20E617B80037214B /* Starface */,
				601F519C20E617B80037214B /* Products */,
				0BECF7322160CE3F0094FB55 /* Frameworks */,
			);
			sourceTree = "<group>";
		};
		601F519C20E617B80037214B /* Products */ = {
			isa = PBXGroup;
			children = (
				601F519B20E617B80037214B /* Starface.app */,
			);
			name = Products;
			sourceTree = "<group>";
		};
		601F519D20E617B80037214B /* Starface */ = {
			isa = PBXGroup;
			children = (
				0BECF7292160CA410094FB55 /* Coordinators */,
				0BECF7262160CA230094FB55 /* Scenes */,
				601F519E20E617B80037214B /* AppDelegate.swift */,
				601F51A520E617B90037214B /* Assets.xcassets */,
				18C7700921272F1A00134695 /* LaunchScreen.storyboard */,
				601F51AA20E617B90037214B /* Info.plist */,
			);
			path = Starface;
			sourceTree = "<group>";
		};
/* End PBXGroup section */

/* Begin PBXNativeTarget section */
		601F519A20E617B80037214B /* Starface */ = {
			isa = PBXNativeTarget;
			buildConfigurationList = 601F51AD20E617B90037214B /* Build configuration list for PBXNativeTarget "Starface" */;
			buildPhases = (
				601F519720E617B80037214B /* Sources */,
				601F519820E617B80037214B /* Frameworks */,
				601F519920E617B80037214B /* Resources */,
				0BECF73A2160CEC90094FB55 /* Embed Frameworks */,
			);
			buildRules = (
			);
			dependencies = (
			);
			name = Starface;
			productName = "Emoji Bling";
			productReference = 601F519B20E617B80037214B /* Starface.app */;
			productType = "com.apple.product-type.application";
		};
/* End PBXNativeTarget section */

/* Begin PBXProject section */
		601F519320E617B80037214B /* Project object */ = {
			isa = PBXProject;
			attributes = {
				LastSwiftUpdateCheck = 1000;
				LastUpgradeCheck = 1000;
				ORGANIZATIONNAME = "Kelvin Lau";
				TargetAttributes = {
					601F519A20E617B80037214B = {
						CreatedOnToolsVersion = 10.0;
					};
				};
			};
			buildConfigurationList = 601F519620E617B80037214B /* Build configuration list for PBXProject "Starface" */;
			compatibilityVersion = "Xcode 9.3";
			developmentRegion = en;
			hasScannedForEncodings = 0;
			knownRegions = (
				en,
				Base,
			);
			mainGroup = 601F519220E617B80037214B;
			productRefGroup = 601F519C20E617B80037214B /* Products */;
			projectDirPath = "";
			projectRoot = "";
			targets = (
				601F519A20E617B80037214B /* Starface */,
			);
		};
/* End PBXProject section */

/* Begin PBXResourcesBuildPhase section */
		601F519920E617B80037214B /* Resources */ = {
			isa = PBXResourcesBuildPhase;
			buildActionMask = 2147483647;
			files = (
				18C7700A21272F1A00134695 /* LaunchScreen.storyboard in Resources */,
				601F51A620E617B90037214B /* Assets.xcassets in Resources */,
			);
			runOnlyForDeploymentPostprocessing = 0;
		};
/* End PBXResourcesBuildPhase section */

/* Begin PBXSourcesBuildPhase section */
		601F519720E617B80037214B /* Sources */ = {
			isa = PBXSourcesBuildPhase;
			buildActionMask = 2147483647;
			files = (
				0BECF725216018E60094FB55 /* FaceGestureDetector.swift in Sources */,
				0BECF7312160CB120094FB55 /* WelcomeViewModel.swift in Sources */,
				601F51A120E617B80037214B /* FaceGestureViewController.swift in Sources */,
				0BECF73C2160D3440094FB55 /* FaceGestureViewModel.swift in Sources */,
				0BECF72D2160CA590094FB55 /* Coordinator.swift in Sources */,
				0BECF72C2160CA590094FB55 /* AppCoordinator.swift in Sources */,
				0BECF7232160177B0094FB55 /* FaceGesture.swift in Sources */,
				601F519F20E617B80037214B /* AppDelegate.swift in Sources */,
				0BECF72F2160CAD90094FB55 /* WelcomeViewController.swift in Sources */,
			);
			runOnlyForDeploymentPostprocessing = 0;
		};
/* End PBXSourcesBuildPhase section */

/* Begin XCBuildConfiguration section */
		601F51AB20E617B90037214B /* Debug */ = {
			isa = XCBuildConfiguration;
			buildSettings = {
				ALWAYS_SEARCH_USER_PATHS = NO;
				CLANG_ANALYZER_NONNULL = YES;
				CLANG_ANALYZER_NUMBER_OBJECT_CONVERSION = YES_AGGRESSIVE;
				CLANG_CXX_LANGUAGE_STANDARD = "gnu++14";
				CLANG_CXX_LIBRARY = "libc++";
				CLANG_ENABLE_MODULES = YES;
				CLANG_ENABLE_OBJC_ARC = YES;
				CLANG_ENABLE_OBJC_WEAK = YES;
				CLANG_WARN_BLOCK_CAPTURE_AUTORELEASING = YES;
				CLANG_WARN_BOOL_CONVERSION = YES;
				CLANG_WARN_COMMA = YES;
				CLANG_WARN_CONSTANT_CONVERSION = YES;
				CLANG_WARN_DEPRECATED_OBJC_IMPLEMENTATIONS = YES;
				CLANG_WARN_DIRECT_OBJC_ISA_USAGE = YES_ERROR;
				CLANG_WARN_DOCUMENTATION_COMMENTS = YES;
				CLANG_WARN_EMPTY_BODY = YES;
				CLANG_WARN_ENUM_CONVERSION = YES;
				CLANG_WARN_INFINITE_RECURSION = YES;
				CLANG_WARN_INT_CONVERSION = YES;
				CLANG_WARN_NON_LITERAL_NULL_CONVERSION = YES;
				CLANG_WARN_OBJC_IMPLICIT_RETAIN_SELF = YES;
				CLANG_WARN_OBJC_LITERAL_CONVERSION = YES;
				CLANG_WARN_OBJC_ROOT_CLASS = YES_ERROR;
				CLANG_WARN_RANGE_LOOP_ANALYSIS = YES;
				CLANG_WARN_STRICT_PROTOTYPES = YES;
				CLANG_WARN_SUSPICIOUS_MOVE = YES;
				CLANG_WARN_UNGUARDED_AVAILABILITY = YES_AGGRESSIVE;
				CLANG_WARN_UNREACHABLE_CODE = YES;
				CLANG_WARN__DUPLICATE_METHOD_MATCH = YES;
				CODE_SIGN_IDENTITY = "iPhone Developer";
				COPY_PHASE_STRIP = NO;
				DEBUG_INFORMATION_FORMAT = dwarf;
				ENABLE_STRICT_OBJC_MSGSEND = YES;
				ENABLE_TESTABILITY = YES;
				GCC_C_LANGUAGE_STANDARD = gnu11;
				GCC_DYNAMIC_NO_PIC = NO;
				GCC_NO_COMMON_BLOCKS = YES;
				GCC_OPTIMIZATION_LEVEL = 0;
				GCC_PREPROCESSOR_DEFINITIONS = (
					"DEBUG=1",
					"$(inherited)",
				);
				GCC_WARN_64_TO_32_BIT_CONVERSION = YES;
				GCC_WARN_ABOUT_RETURN_TYPE = YES_ERROR;
				GCC_WARN_UNDECLARED_SELECTOR = YES;
				GCC_WARN_UNINITIALIZED_AUTOS = YES_AGGRESSIVE;
				GCC_WARN_UNUSED_FUNCTION = YES;
				GCC_WARN_UNUSED_VARIABLE = YES;
				IPHONEOS_DEPLOYMENT_TARGET = 12.0;
				MTL_ENABLE_DEBUG_INFO = INCLUDE_SOURCE;
				ONLY_ACTIVE_ARCH = YES;
				SDKROOT = iphoneos;
				SWIFT_ACTIVE_COMPILATION_CONDITIONS = DEBUG;
				SWIFT_OPTIMIZATION_LEVEL = "-Onone";
			};
			name = Debug;
		};
		601F51AC20E617B90037214B /* Release */ = {
			isa = XCBuildConfiguration;
			buildSettings = {
				ALWAYS_SEARCH_USER_PATHS = NO;
				CLANG_ANALYZER_NONNULL = YES;
				CLANG_ANALYZER_NUMBER_OBJECT_CONVERSION = YES_AGGRESSIVE;
				CLANG_CXX_LANGUAGE_STANDARD = "gnu++14";
				CLANG_CXX_LIBRARY = "libc++";
				CLANG_ENABLE_MODULES = YES;
				CLANG_ENABLE_OBJC_ARC = YES;
				CLANG_ENABLE_OBJC_WEAK = YES;
				CLANG_WARN_BLOCK_CAPTURE_AUTORELEASING = YES;
				CLANG_WARN_BOOL_CONVERSION = YES;
				CLANG_WARN_COMMA = YES;
				CLANG_WARN_CONSTANT_CONVERSION = YES;
				CLANG_WARN_DEPRECATED_OBJC_IMPLEMENTATIONS = YES;
				CLANG_WARN_DIRECT_OBJC_ISA_USAGE = YES_ERROR;
				CLANG_WARN_DOCUMENTATION_COMMENTS = YES;
				CLANG_WARN_EMPTY_BODY = YES;
				CLANG_WARN_ENUM_CONVERSION = YES;
				CLANG_WARN_INFINITE_RECURSION = YES;
				CLANG_WARN_INT_CONVERSION = YES;
				CLANG_WARN_NON_LITERAL_NULL_CONVERSION = YES;
				CLANG_WARN_OBJC_IMPLICIT_RETAIN_SELF = YES;
				CLANG_WARN_OBJC_LITERAL_CONVERSION = YES;
				CLANG_WARN_OBJC_ROOT_CLASS = YES_ERROR;
				CLANG_WARN_RANGE_LOOP_ANALYSIS = YES;
				CLANG_WARN_STRICT_PROTOTYPES = YES;
				CLANG_WARN_SUSPICIOUS_MOVE = YES;
				CLANG_WARN_UNGUARDED_AVAILABILITY = YES_AGGRESSIVE;
				CLANG_WARN_UNREACHABLE_CODE = YES;
				CLANG_WARN__DUPLICATE_METHOD_MATCH = YES;
				CODE_SIGN_IDENTITY = "iPhone Developer";
				COPY_PHASE_STRIP = NO;
				DEBUG_INFORMATION_FORMAT = "dwarf-with-dsym";
				ENABLE_NS_ASSERTIONS = NO;
				ENABLE_STRICT_OBJC_MSGSEND = YES;
				GCC_C_LANGUAGE_STANDARD = gnu11;
				GCC_NO_COMMON_BLOCKS = YES;
				GCC_WARN_64_TO_32_BIT_CONVERSION = YES;
				GCC_WARN_ABOUT_RETURN_TYPE = YES_ERROR;
				GCC_WARN_UNDECLARED_SELECTOR = YES;
				GCC_WARN_UNINITIALIZED_AUTOS = YES_AGGRESSIVE;
				GCC_WARN_UNUSED_FUNCTION = YES;
				GCC_WARN_UNUSED_VARIABLE = YES;
				IPHONEOS_DEPLOYMENT_TARGET = 12.0;
				MTL_ENABLE_DEBUG_INFO = NO;
				SDKROOT = iphoneos;
				SWIFT_COMPILATION_MODE = wholemodule;
				SWIFT_OPTIMIZATION_LEVEL = "-O";
				VALIDATE_PRODUCT = YES;
			};
			name = Release;
		};
		601F51AE20E617B90037214B /* Debug */ = {
			isa = XCBuildConfiguration;
			buildSettings = {
				ASSETCATALOG_COMPILER_APPICON_NAME = AppIcon;
				CODE_SIGN_STYLE = Automatic;
				DEVELOPMENT_TEAM = R2CTR74H64;
				FRAMEWORK_SEARCH_PATHS = (
					"$(inherited)",
					"$(PROJECT_DIR)/Carthage/Build/iOS",
				);
				INFOPLIST_FILE = "$(SRCROOT)/Starface/Info.plist";
				LD_RUNPATH_SEARCH_PATHS = (
					"$(inherited)",
					"@executable_path/Frameworks",
				);
				PRODUCT_BUNDLE_IDENTIFIER = pl.unwrappedsoftware.starface;
				PRODUCT_NAME = "$(TARGET_NAME)";
				SWIFT_VERSION = 4.2;
				TARGETED_DEVICE_FAMILY = "1,2";
			};
			name = Debug;
		};
		601F51AF20E617B90037214B /* Release */ = {
			isa = XCBuildConfiguration;
			buildSettings = {
				ASSETCATALOG_COMPILER_APPICON_NAME = AppIcon;
				CODE_SIGN_STYLE = Automatic;
				DEVELOPMENT_TEAM = R2CTR74H64;
				FRAMEWORK_SEARCH_PATHS = (
					"$(inherited)",
					"$(PROJECT_DIR)/Carthage/Build/iOS",
				);
				INFOPLIST_FILE = "$(SRCROOT)/Starface/Info.plist";
				LD_RUNPATH_SEARCH_PATHS = (
					"$(inherited)",
					"@executable_path/Frameworks",
				);
				PRODUCT_BUNDLE_IDENTIFIER = pl.unwrappedsoftware.starface;
				PRODUCT_NAME = "$(TARGET_NAME)";
				SWIFT_VERSION = 4.2;
				TARGETED_DEVICE_FAMILY = "1,2";
			};
			name = Release;
		};
/* End XCBuildConfiguration section */

/* Begin XCConfigurationList section */
		601F519620E617B80037214B /* Build configuration list for PBXProject "Starface" */ = {
			isa = XCConfigurationList;
			buildConfigurations = (
				601F51AB20E617B90037214B /* Debug */,
				601F51AC20E617B90037214B /* Release */,
			);
			defaultConfigurationIsVisible = 0;
			defaultConfigurationName = Release;
		};
		601F51AD20E617B90037214B /* Build configuration list for PBXNativeTarget "Starface" */ = {
			isa = XCConfigurationList;
			buildConfigurations = (
				601F51AE20E617B90037214B /* Debug */,
				601F51AF20E617B90037214B /* Release */,
			);
			defaultConfigurationIsVisible = 0;
			defaultConfigurationName = Release;
		};
/* End XCConfigurationList section */
	};
	rootObject = 601F519320E617B80037214B /* Project object */;
}
